// !$*UTF8*$!
{
	archiveVersion = 1;
	classes = {
	};
	objectVersion = 77;
	objects = {

/* Begin PBXContainerItemProxy section */
		5619A27E2D218A9800541F13 /* PBXContainerItemProxy */ = {
			isa = PBXContainerItemProxy;
			containerPortal = 5619A2652D218A9600541F13 /* Project object */;
			proxyType = 1;
			remoteGlobalIDString = 5619A26C2D218A9600541F13;
			remoteInfo = SwiftUIPlayingNew;
		};
		5619A2882D218A9900541F13 /* PBXContainerItemProxy */ = {
			isa = PBXContainerItemProxy;
			containerPortal = 5619A2652D218A9600541F13 /* Project object */;
			proxyType = 1;
			remoteGlobalIDString = 5619A26C2D218A9600541F13;
			remoteInfo = SwiftUIPlayingNew;
		};
/* End PBXContainerItemProxy section */

/* Begin PBXFileReference section */
		5619A26D2D218A9600541F13 /* SwiftUIPlayingNew.app */ = {isa = PBXFileReference; explicitFileType = wrapper.application; includeInIndex = 0; path = SwiftUIPlayingNew.app; sourceTree = BUILT_PRODUCTS_DIR; };
		5619A27D2D218A9800541F13 /* SwiftUIPlayingNewTests.xctest */ = {isa = PBXFileReference; explicitFileType = wrapper.cfbundle; includeInIndex = 0; path = SwiftUIPlayingNewTests.xctest; sourceTree = BUILT_PRODUCTS_DIR; };
		5619A2872D218A9900541F13 /* SwiftUIPlayingNewUITests.xctest */ = {isa = PBXFileReference; explicitFileType = wrapper.cfbundle; includeInIndex = 0; path = SwiftUIPlayingNewUITests.xctest; sourceTree = BUILT_PRODUCTS_DIR; };
/* End PBXFileReference section */

/* Begin PBXFileSystemSynchronizedRootGroup section */
		5619A26F2D218A9600541F13 /* SwiftUIPlayingNew */ = {
			isa = PBXFileSystemSynchronizedRootGroup;
			path = SwiftUIPlayingNew;
			sourceTree = "<group>";
		};
		5619A2802D218A9800541F13 /* SwiftUIPlayingNewTests */ = {
			isa = PBXFileSystemSynchronizedRootGroup;
			path = SwiftUIPlayingNewTests;
			sourceTree = "<group>";
		};
		5619A28A2D218A9900541F13 /* SwiftUIPlayingNewUITests */ = {
			isa = PBXFileSystemSynchronizedRootGroup;
			path = SwiftUIPlayingNewUITests;
			sourceTree = "<group>";
		};
/* End PBXFileSystemSynchronizedRootGroup section */

/* Begin PBXFrameworksBuildPhase section */
		5619A26A2D218A9600541F13 /* Frameworks */ = {
			isa = PBXFrameworksBuildPhase;
			buildActionMask = 2147483647;
			files = (
			);
			runOnlyForDeploymentPostprocessing = 0;
		};
		5619A27A2D218A9800541F13 /* Frameworks */ = {
			isa = PBXFrameworksBuildPhase;
			buildActionMask = 2147483647;
			files = (
			);
			runOnlyForDeploymentPostprocessing = 0;
		};
		5619A2842D218A9900541F13 /* Frameworks */ = {
			isa = PBXFrameworksBuildPhase;
			buildActionMask = 2147483647;
			files = (
			);
			runOnlyForDeploymentPostprocessing = 0;
		};
/* End PBXFrameworksBuildPhase section */

/* Begin PBXGroup section */
		5619A2642D218A9600541F13 = {
			isa = PBXGroup;
			children = (
				5619A26F2D218A9600541F13 /* SwiftUIPlayingNew */,
				5619A2802D218A9800541F13 /* SwiftUIPlayingNewTests */,
				5619A28A2D218A9900541F13 /* SwiftUIPlayingNewUITests */,
				5619A26E2D218A9600541F13 /* Products */,
			);
			sourceTree = "<group>";
		};
		5619A26E2D218A9600541F13 /* Products */ = {
			isa = PBXGroup;
			children = (
				5619A26D2D218A9600541F13 /* SwiftUIPlayingNew.app */,
				5619A27D2D218A9800541F13 /* SwiftUIPlayingNewTests.xctest */,
				5619A2872D218A9900541F13 /* SwiftUIPlayingNewUITests.xctest */,
			);
			name = Products;
			sourceTree = "<group>";
		};
/* End PBXGroup section */

/* Begin PBXNativeTarget section */
		5619A26C2D218A9600541F13 /* SwiftUIPlayingNew */ = {
			isa = PBXNativeTarget;
			buildConfigurationList = 5619A2912D218A9900541F13 /* Build configuration list for PBXNativeTarget "SwiftUIPlayingNew" */;
			buildPhases = (
				5619A2692D218A9600541F13 /* Sources */,
				5619A26A2D218A9600541F13 /* Frameworks */,
				5619A26B2D218A9600541F13 /* Resources */,
			);
			buildRules = (
			);
			dependencies = (
			);
			fileSystemSynchronizedGroups = (
				5619A26F2D218A9600541F13 /* SwiftUIPlayingNew */,
			);
			name = SwiftUIPlayingNew;
			packageProductDependencies = (
			);
			productName = SwiftUIPlayingNew;
			productReference = 5619A26D2D218A9600541F13 /* SwiftUIPlayingNew.app */;
			productType = "com.apple.product-type.application";
		};
		5619A27C2D218A9800541F13 /* SwiftUIPlayingNewTests */ = {
			isa = PBXNativeTarget;
			buildConfigurationList = 5619A2942D218A9900541F13 /* Build configuration list for PBXNativeTarget "SwiftUIPlayingNewTests" */;
			buildPhases = (
				5619A2792D218A9800541F13 /* Sources */,
				5619A27A2D218A9800541F13 /* Frameworks */,
				5619A27B2D218A9800541F13 /* Resources */,
			);
			buildRules = (
			);
			dependencies = (
				5619A27F2D218A9800541F13 /* PBXTargetDependency */,
			);
			fileSystemSynchronizedGroups = (
				5619A2802D218A9800541F13 /* SwiftUIPlayingNewTests */,
			);
			name = SwiftUIPlayingNewTests;
			packageProductDependencies = (
			);
			productName = SwiftUIPlayingNewTests;
			productReference = 5619A27D2D218A9800541F13 /* SwiftUIPlayingNewTests.xctest */;
			productType = "com.apple.product-type.bundle.unit-test";
		};
		5619A2862D218A9900541F13 /* SwiftUIPlayingNewUITests */ = {
			isa = PBXNativeTarget;
			buildConfigurationList = 5619A2972D218A9900541F13 /* Build configuration list for PBXNativeTarget "SwiftUIPlayingNewUITests" */;
			buildPhases = (
				5619A2832D218A9900541F13 /* Sources */,
				5619A2842D218A9900541F13 /* Frameworks */,
				5619A2852D218A9900541F13 /* Resources */,
			);
			buildRules = (
			);
			dependencies = (
				5619A2892D218A9900541F13 /* PBXTargetDependency */,
			);
			fileSystemSynchronizedGroups = (
				5619A28A2D218A9900541F13 /* SwiftUIPlayingNewUITests */,
			);
			name = SwiftUIPlayingNewUITests;
			packageProductDependencies = (
			);
			productName = SwiftUIPlayingNewUITests;
			productReference = 5619A2872D218A9900541F13 /* SwiftUIPlayingNewUITests.xctest */;
			productType = "com.apple.product-type.bundle.ui-testing";
		};
/* End PBXNativeTarget section */

/* Begin PBXProject section */
		5619A2652D218A9600541F13 /* Project object */ = {
			isa = PBXProject;
			attributes = {
				BuildIndependentTargetsInParallel = 1;
				LastSwiftUpdateCheck = 1620;
				LastUpgradeCheck = 1620;
				TargetAttributes = {
					5619A26C2D218A9600541F13 = {
						CreatedOnToolsVersion = 16.2;
					};
					5619A27C2D218A9800541F13 = {
						CreatedOnToolsVersion = 16.2;
						TestTargetID = 5619A26C2D218A9600541F13;
					};
					5619A2862D218A9900541F13 = {
						CreatedOnToolsVersion = 16.2;
						TestTargetID = 5619A26C2D218A9600541F13;
					};
				};
			};
			buildConfigurationList = 5619A2682D218A9600541F13 /* Build configuration list for PBXProject "SwiftUIPlayingNew" */;
			developmentRegion = en;
			hasScannedForEncodings = 0;
			knownRegions = (
				en,
				Base,
			);
			mainGroup = 5619A2642D218A9600541F13;
			minimizedProjectReferenceProxies = 1;
			preferredProjectObjectVersion = 77;
			productRefGroup = 5619A26E2D218A9600541F13 /* Products */;
			projectDirPath = "";
			projectRoot = "";
			targets = (
				5619A26C2D218A9600541F13 /* SwiftUIPlayingNew */,
				5619A27C2D218A9800541F13 /* SwiftUIPlayingNewTests */,
				5619A2862D218A9900541F13 /* SwiftUIPlayingNewUITests */,
			);
		};
/* End PBXProject section */

/* Begin PBXResourcesBuildPhase section */
		5619A26B2D218A9600541F13 /* Resources */ = {
			isa = PBXResourcesBuildPhase;
			buildActionMask = 2147483647;
			files = (
			);
			runOnlyForDeploymentPostprocessing = 0;
		};
		5619A27B2D218A9800541F13 /* Resources */ = {
			isa = PBXResourcesBuildPhase;
			buildActionMask = 2147483647;
			files = (
			);
			runOnlyForDeploymentPostprocessing = 0;
		};
		5619A2852D218A9900541F13 /* Resources */ = {
			isa = PBXResourcesBuildPhase;
			buildActionMask = 2147483647;
			files = (
			);
			runOnlyForDeploymentPostprocessing = 0;
		};
/* End PBXResourcesBuildPhase section */

/* Begin PBXSourcesBuildPhase section */
		5619A2692D218A9600541F13 /* Sources */ = {
			isa = PBXSourcesBuildPhase;
			buildActionMask = 2147483647;
			files = (
			);
			runOnlyForDeploymentPostprocessing = 0;
		};
		5619A2792D218A9800541F13 /* Sources */ = {
			isa = PBXSourcesBuildPhase;
			buildActionMask = 2147483647;
			files = (
			);
			runOnlyForDeploymentPostprocessing = 0;
		};
		5619A2832D218A9900541F13 /* Sources */ = {
			isa = PBXSourcesBuildPhase;
			buildActionMask = 2147483647;
			files = (
			);
			runOnlyForDeploymentPostprocessing = 0;
		};
/* End PBXSourcesBuildPhase section */

/* Begin PBXTargetDependency section */
		5619A27F2D218A9800541F13 /* PBXTargetDependency */ = {
			isa = PBXTargetDependency;
			target = 5619A26C2D218A9600541F13 /* SwiftUIPlayingNew */;
			targetProxy = 5619A27E2D218A9800541F13 /* PBXContainerItemProxy */;
		};
		5619A2892D218A9900541F13 /* PBXTargetDependency */ = {
			isa = PBXTargetDependency;
			target = 5619A26C2D218A9600541F13 /* SwiftUIPlayingNew */;
			targetProxy = 5619A2882D218A9900541F13 /* PBXContainerItemProxy */;
		};
/* End PBXTargetDependency section */

/* Begin XCBuildConfiguration section */
		5619A28F2D218A9900541F13 /* Debug */ = {
			isa = XCBuildConfiguration;
			buildSettings = {
				ALWAYS_SEARCH_USER_PATHS = NO;
				ASSETCATALOG_COMPILER_GENERATE_SWIFT_ASSET_SYMBOL_EXTENSIONS = YES;
				CLANG_ANALYZER_NONNULL = YES;
				CLANG_ANALYZER_NUMBER_OBJECT_CONVERSION = YES_AGGRESSIVE;
				CLANG_CXX_LANGUAGE_STANDARD = "gnu++20";
				CLANG_ENABLE_MODULES = YES;
				CLANG_ENABLE_OBJC_ARC = YES;
				CLANG_ENABLE_OBJC_WEAK = YES;
				CLANG_WARN_BLOCK_CAPTURE_AUTORELEASING = YES;
				CLANG_WARN_BOOL_CONVERSION = YES;
				CLANG_WARN_COMMA = YES;
				CLANG_WARN_CONSTANT_CONVERSION = YES;
				CLANG_WARN_DEPRECATED_OBJC_IMPLEMENTATIONS = YES;
				CLANG_WARN_DIRECT_OBJC_ISA_USAGE = YES_ERROR;
				CLANG_WARN_DOCUMENTATION_COMMENTS = YES;
				CLANG_WARN_EMPTY_BODY = YES;
				CLANG_WARN_ENUM_CONVERSION = YES;
				CLANG_WARN_INFINITE_RECURSION = YES;
				CLANG_WARN_INT_CONVERSION = YES;
				CLANG_WARN_NON_LITERAL_NULL_CONVERSION = YES;
				CLANG_WARN_OBJC_IMPLICIT_RETAIN_SELF = YES;
				CLANG_WARN_OBJC_LITERAL_CONVERSION = YES;
				CLANG_WARN_OBJC_ROOT_CLASS = YES_ERROR;
				CLANG_WARN_QUOTED_INCLUDE_IN_FRAMEWORK_HEADER = YES;
				CLANG_WARN_RANGE_LOOP_ANALYSIS = YES;
				CLANG_WARN_STRICT_PROTOTYPES = YES;
				CLANG_WARN_SUSPICIOUS_MOVE = YES;
				CLANG_WARN_UNGUARDED_AVAILABILITY = YES_AGGRESSIVE;
				CLANG_WARN_UNREACHABLE_CODE = YES;
				CLANG_WARN__DUPLICATE_METHOD_MATCH = YES;
				COPY_PHASE_STRIP = NO;
				DEBUG_INFORMATION_FORMAT = dwarf;
				ENABLE_STRICT_OBJC_MSGSEND = YES;
				ENABLE_TESTABILITY = YES;
				ENABLE_USER_SCRIPT_SANDBOXING = YES;
				GCC_C_LANGUAGE_STANDARD = gnu17;
				GCC_DYNAMIC_NO_PIC = NO;
				GCC_NO_COMMON_BLOCKS = YES;
				GCC_OPTIMIZATION_LEVEL = 0;
				GCC_PREPROCESSOR_DEFINITIONS = (
					"DEBUG=1",
					"$(inherited)",
				);
				GCC_WARN_64_TO_32_BIT_CONVERSION = YES;
				GCC_WARN_ABOUT_RETURN_TYPE = YES_ERROR;
				GCC_WARN_UNDECLARED_SELECTOR = YES;
				GCC_WARN_UNINITIALIZED_AUTOS = YES_AGGRESSIVE;
				GCC_WARN_UNUSED_FUNCTION = YES;
				GCC_WARN_UNUSED_VARIABLE = YES;
				IPHONEOS_DEPLOYMENT_TARGET = 18.2;
				LOCALIZATION_PREFERS_STRING_CATALOGS = YES;
				MTL_ENABLE_DEBUG_INFO = INCLUDE_SOURCE;
				MTL_FAST_MATH = YES;
				ONLY_ACTIVE_ARCH = YES;
				SDKROOT = iphoneos;
				SWIFT_ACTIVE_COMPILATION_CONDITIONS = "DEBUG $(inherited)";
				SWIFT_OPTIMIZATION_LEVEL = "-Onone";
			};
			name = Debug;
		};
		5619A2902D218A9900541F13 /* Release */ = {
			isa = XCBuildConfiguration;
			buildSettings = {
				ALWAYS_SEARCH_USER_PATHS = NO;
				ASSETCATALOG_COMPILER_GENERATE_SWIFT_ASSET_SYMBOL_EXTENSIONS = YES;
				CLANG_ANALYZER_NONNULL = YES;
				CLANG_ANALYZER_NUMBER_OBJECT_CONVERSION = YES_AGGRESSIVE;
				CLANG_CXX_LANGUAGE_STANDARD = "gnu++20";
				CLANG_ENABLE_MODULES = YES;
				CLANG_ENABLE_OBJC_ARC = YES;
				CLANG_ENABLE_OBJC_WEAK = YES;
				CLANG_WARN_BLOCK_CAPTURE_AUTORELEASING = YES;
				CLANG_WARN_BOOL_CONVERSION = YES;
				CLANG_WARN_COMMA = YES;
				CLANG_WARN_CONSTANT_CONVERSION = YES;
				CLANG_WARN_DEPRECATED_OBJC_IMPLEMENTATIONS = YES;
				CLANG_WARN_DIRECT_OBJC_ISA_USAGE = YES_ERROR;
				CLANG_WARN_DOCUMENTATION_COMMENTS = YES;
				CLANG_WARN_EMPTY_BODY = YES;
				CLANG_WARN_ENUM_CONVERSION = YES;
				CLANG_WARN_INFINITE_RECURSION = YES;
				CLANG_WARN_INT_CONVERSION = YES;
				CLANG_WARN_NON_LITERAL_NULL_CONVERSION = YES;
				CLANG_WARN_OBJC_IMPLICIT_RETAIN_SELF = YES;
				CLANG_WARN_OBJC_LITERAL_CONVERSION = YES;
				CLANG_WARN_OBJC_ROOT_CLASS = YES_ERROR;
				CLANG_WARN_QUOTED_INCLUDE_IN_FRAMEWORK_HEADER = YES;
				CLANG_WARN_RANGE_LOOP_ANALYSIS = YES;
				CLANG_WARN_STRICT_PROTOTYPES = YES;
				CLANG_WARN_SUSPICIOUS_MOVE = YES;
				CLANG_WARN_UNGUARDED_AVAILABILITY = YES_AGGRESSIVE;
				CLANG_WARN_UNREACHABLE_CODE = YES;
				CLANG_WARN__DUPLICATE_METHOD_MATCH = YES;
				COPY_PHASE_STRIP = NO;
				DEBUG_INFORMATION_FORMAT = "dwarf-with-dsym";
				ENABLE_NS_ASSERTIONS = NO;
				ENABLE_STRICT_OBJC_MSGSEND = YES;
				ENABLE_USER_SCRIPT_SANDBOXING = YES;
				GCC_C_LANGUAGE_STANDARD = gnu17;
				GCC_NO_COMMON_BLOCKS = YES;
				GCC_WARN_64_TO_32_BIT_CONVERSION = YES;
				GCC_WARN_ABOUT_RETURN_TYPE = YES_ERROR;
				GCC_WARN_UNDECLARED_SELECTOR = YES;
				GCC_WARN_UNINITIALIZED_AUTOS = YES_AGGRESSIVE;
				GCC_WARN_UNUSED_FUNCTION = YES;
				GCC_WARN_UNUSED_VARIABLE = YES;
				IPHONEOS_DEPLOYMENT_TARGET = 18.2;
				LOCALIZATION_PREFERS_STRING_CATALOGS = YES;
				MTL_ENABLE_DEBUG_INFO = NO;
				MTL_FAST_MATH = YES;
				SDKROOT = iphoneos;
				SWIFT_COMPILATION_MODE = wholemodule;
				VALIDATE_PRODUCT = YES;
			};
			name = Release;
		};
		5619A2922D218A9900541F13 /* Debug */ = {
			isa = XCBuildConfiguration;
			buildSettings = {
				ASSETCATALOG_COMPILER_APPICON_NAME = AppIcon;
				ASSETCATALOG_COMPILER_GLOBAL_ACCENT_COLOR_NAME = AccentColor;
				CODE_SIGN_STYLE = Automatic;
				CURRENT_PROJECT_VERSION = 1;
				DEVELOPMENT_ASSET_PATHS = "\"SwiftUIPlayingNew/Preview Content\"";
				DEVELOPMENT_TEAM = YDF5T83ATT;
				ENABLE_PREVIEWS = YES;
				GENERATE_INFOPLIST_FILE = YES;
				INFOPLIST_KEY_UIApplicationSceneManifest_Generation = YES;
				INFOPLIST_KEY_UIApplicationSupportsIndirectInputEvents = YES;
				INFOPLIST_KEY_UILaunchScreen_Generation = YES;
				INFOPLIST_KEY_UISupportedInterfaceOrientations_iPad = "UIInterfaceOrientationPortrait UIInterfaceOrientationPortraitUpsideDown UIInterfaceOrientationLandscapeLeft UIInterfaceOrientationLandscapeRight";
				INFOPLIST_KEY_UISupportedInterfaceOrientations_iPhone = "UIInterfaceOrientationPortrait UIInterfaceOrientationLandscapeLeft UIInterfaceOrientationLandscapeRight";
				LD_RUNPATH_SEARCH_PATHS = (
					"$(inherited)",
					"@executable_path/Frameworks",
				);
				MARKETING_VERSION = 1.0;
				PRODUCT_BUNDLE_IDENTIFIER = com.Swira.SwiftUIPlayingNew;
				PRODUCT_NAME = "$(TARGET_NAME)";
				SWIFT_EMIT_LOC_STRINGS = YES;
				SWIFT_VERSION = 5.0;
				TARGETED_DEVICE_FAMILY = "1,2";
			};
			name = Debug;
		};
		5619A2932D218A9900541F13 /* Release */ = {
			isa = XCBuildConfiguration;
			buildSettings = {
				ASSETCATALOG_COMPILER_APPICON_NAME = AppIcon;
				ASSETCATALOG_COMPILER_GLOBAL_ACCENT_COLOR_NAME = AccentColor;
				CODE_SIGN_STYLE = Automatic;
				CURRENT_PROJECT_VERSION = 1;
				DEVELOPMENT_ASSET_PATHS = "\"SwiftUIPlayingNew/Preview Content\"";
				DEVELOPMENT_TEAM = YDF5T83ATT;
				ENABLE_PREVIEWS = YES;
				GENERATE_INFOPLIST_FILE = YES;
				INFOPLIST_KEY_UIApplicationSceneManifest_Generation = YES;
				INFOPLIST_KEY_UIApplicationSupportsIndirectInputEvents = YES;
				INFOPLIST_KEY_UILaunchScreen_Generation = YES;
				INFOPLIST_KEY_UISupportedInterfaceOrientations_iPad = "UIInterfaceOrientationPortrait UIInterfaceOrientationPortraitUpsideDown UIInterfaceOrientationLandscapeLeft UIInterfaceOrientationLandscapeRight";
				INFOPLIST_KEY_UISupportedInterfaceOrientations_iPhone = "UIInterfaceOrientationPortrait UIInterfaceOrientationLandscapeLeft UIInterfaceOrientationLandscapeRight";
				LD_RUNPATH_SEARCH_PATHS = (
					"$(inherited)",
					"@executable_path/Frameworks",
				);
				MARKETING_VERSION = 1.0;
				PRODUCT_BUNDLE_IDENTIFIER = com.Swira.SwiftUIPlayingNew;
				PRODUCT_NAME = "$(TARGET_NAME)";
				SWIFT_EMIT_LOC_STRINGS = YES;
				SWIFT_VERSION = 5.0;
				TARGETED_DEVICE_FAMILY = "1,2";
			};
			name = Release;
		};
		5619A2952D218A9900541F13 /* Debug */ = {
			isa = XCBuildConfiguration;
			buildSettings = {
				BUNDLE_LOADER = "$(TEST_HOST)";
				CODE_SIGN_STYLE = Automatic;
				CURRENT_PROJECT_VERSION = 1;
				DEVELOPMENT_TEAM = YDF5T83ATT;
				GENERATE_INFOPLIST_FILE = YES;
				IPHONEOS_DEPLOYMENT_TARGET = 18.2;
				MARKETING_VERSION = 1.0;
				PRODUCT_BUNDLE_IDENTIFIER = com.Swira.SwiftUIPlayingNewTests;
				PRODUCT_NAME = "$(TARGET_NAME)";
				SWIFT_EMIT_LOC_STRINGS = NO;
				SWIFT_VERSION = 5.0;
				TARGETED_DEVICE_FAMILY = "1,2";
				TEST_HOST = "$(BUILT_PRODUCTS_DIR)/SwiftUIPlayingNew.app/$(BUNDLE_EXECUTABLE_FOLDER_PATH)/SwiftUIPlayingNew";
			};
			name = Debug;
		};
		5619A2962D218A9900541F13 /* Release */ = {
			isa = XCBuildConfiguration;
			buildSettings = {
				BUNDLE_LOADER = "$(TEST_HOST)";
				CODE_SIGN_STYLE = Automatic;
				CURRENT_PROJECT_VERSION = 1;
				DEVELOPMENT_TEAM = YDF5T83ATT;
				GENERATE_INFOPLIST_FILE = YES;
				IPHONEOS_DEPLOYMENT_TARGET = 18.2;
				MARKETING_VERSION = 1.0;
				PRODUCT_BUNDLE_IDENTIFIER = com.Swira.SwiftUIPlayingNewTests;
				PRODUCT_NAME = "$(TARGET_NAME)";
				SWIFT_EMIT_LOC_STRINGS = NO;
				SWIFT_VERSION = 5.0;
				TARGETED_DEVICE_FAMILY = "1,2";
				TEST_HOST = "$(BUILT_PRODUCTS_DIR)/SwiftUIPlayingNew.app/$(BUNDLE_EXECUTABLE_FOLDER_PATH)/SwiftUIPlayingNew";
			};
			name = Release;
		};
		5619A2982D218A9900541F13 /* Debug */ = {
			isa = XCBuildConfiguration;
			buildSettings = {
				CODE_SIGN_STYLE = Automatic;
				CURRENT_PROJECT_VERSION = 1;
				DEVELOPMENT_TEAM = YDF5T83ATT;
				GENERATE_INFOPLIST_FILE = YES;
				MARKETING_VERSION = 1.0;
				PRODUCT_BUNDLE_IDENTIFIER = com.Swira.SwiftUIPlayingNewUITests;
				PRODUCT_NAME = "$(TARGET_NAME)";
				SWIFT_EMIT_LOC_STRINGS = NO;
				SWIFT_VERSION = 5.0;
				TARGETED_DEVICE_FAMILY = "1,2";
				TEST_TARGET_NAME = SwiftUIPlayingNew;
			};
			name = Debug;
		};
		5619A2992D218A9900541F13 /* Release */ = {
			isa = XCBuildConfiguration;
			buildSettings = {
				CODE_SIGN_STYLE = Automatic;
				CURRENT_PROJECT_VERSION = 1;
				DEVELOPMENT_TEAM = YDF5T83ATT;
				GENERATE_INFOPLIST_FILE = YES;
				MARKETING_VERSION = 1.0;
				PRODUCT_BUNDLE_IDENTIFIER = com.Swira.SwiftUIPlayingNewUITests;
				PRODUCT_NAME = "$(TARGET_NAME)";
				SWIFT_EMIT_LOC_STRINGS = NO;
				SWIFT_VERSION = 5.0;
				TARGETED_DEVICE_FAMILY = "1,2";
				TEST_TARGET_NAME = SwiftUIPlayingNew;
			};
			name = Release;
		};
/* End XCBuildConfiguration section */

/* Begin XCConfigurationList section */
		5619A2682D218A9600541F13 /* Build configuration list for PBXProject "SwiftUIPlayingNew" */ = {
			isa = XCConfigurationList;
			buildConfigurations = (
				5619A28F2D218A9900541F13 /* Debug */,
				5619A2902D218A9900541F13 /* Release */,
			);
			defaultConfigurationIsVisible = 0;
			defaultConfigurationName = Release;
		};
		5619A2912D218A9900541F13 /* Build configuration list for PBXNativeTarget "SwiftUIPlayingNew" */ = {
			isa = XCConfigurationList;
			buildConfigurations = (
				5619A2922D218A9900541F13 /* Debug */,
				5619A2932D218A9900541F13 /* Release */,
			);
			defaultConfigurationIsVisible = 0;
			defaultConfigurationName = Release;
		};
		5619A2942D218A9900541F13 /* Build configuration list for PBXNativeTarget "SwiftUIPlayingNewTests" */ = {
			isa = XCConfigurationList;
			buildConfigurations = (
				5619A2952D218A9900541F13 /* Debug */,
				5619A2962D218A9900541F13 /* Release */,
			);
			defaultConfigurationIsVisible = 0;
			defaultConfigurationName = Release;
		};
		5619A2972D218A9900541F13 /* Build configuration list for PBXNativeTarget "SwiftUIPlayingNewUITests" */ = {
			isa = XCConfigurationList;
			buildConfigurations = (
				5619A2982D218A9900541F13 /* Debug */,
				5619A2992D218A9900541F13 /* Release */,
			);
			defaultConfigurationIsVisible = 0;
			defaultConfigurationName = Release;
		};
/* End XCConfigurationList section */
	};
	rootObject = 5619A2652D218A9600541F13 /* Project object */;
}
